
Microsoft Visual Studio Solution File, Format Version 12.00
# Visual Studio Version 17
VisualStudioVersion = 17.12.35514.174 d17.12
MinimumVisualStudioVersion = 10.0.40219.1
Project("{FAE04EC0-301F-11D3-BF4B-00C04F79EFBC}") = "finance-pal", "finance-pal.csproj", "{FF5584E4-02C4-4A6D-9B31-BC0A414D331F}"
EndProject
Global
	GlobalSection(SolutionConfigurationPlatforms) = preSolution
		Debug|Any CPU = Debug|Any CPU
		Release|Any CPU = Release|Any CPU
	EndGlobalSection
	GlobalSection(ProjectConfigurationPlatforms) = postSolution
		{FF5584E4-02C4-4A6D-9B31-BC0A414D331F}.Debug|Any CPU.ActiveCfg = Debug|Any CPU
		{FF5584E4-02C4-4A6D-9B31-BC0A414D331F}.Debug|Any CPU.Build.0 = Debug|Any CPU
		{FF5584E4-02C4-4A6D-9B31-BC0A414D331F}.Release|Any CPU.ActiveCfg = Release|Any CPU
		{FF5584E4-02C4-4A6D-9B31-BC0A414D331F}.Release|Any CPU.Build.0 = Release|Any CPU
	EndGlobalSection
	GlobalSection(SolutionProperties) = preSolution
		HideSolutionNode = FALSE
	EndGlobalSection
EndGlobal
